
Microsoft Visual Studio Solution File, Format Version 12.00
# Visual Studio 15
VisualStudioVersion = 15.0.26430.16
MinimumVisualStudioVersion = 10.0.40219.1
Project("{FAE04EC0-301F-11D3-BF4B-00C04F79EFBC}") = "ESP8266-Temperature", "ESP8266-Temperature\ESP8266-Temperature.csproj", "{45074D9F-CFDD-47DA-ADD4-BC66B92FB822}"
EndProject
Project("{FAE04EC0-301F-11D3-BF4B-00C04F79EFBC}") = "ESP8266-Temperature.Tests", "ESP8266-Temperature.Tests\ESP8266-Temperature.Tests.csproj", "{934F0E15-46A8-4819-AC04-237DB135FC94}"
EndProject
Project("{FAE04EC0-301F-11D3-BF4B-00C04F79EFBC}") = "ESP8266-Models", "ESP8266-Models\ESP8266-Models.csproj", "{15C0A537-BCEC-4A43-8451-48575E41B53D}"
EndProject
Project("{FAE04EC0-301F-11D3-BF4B-00C04F79EFBC}") = "ESP8266_DatabaseAccess", "ESP8266_DatabaseAccess\ESP8266_DatabaseAccess.csproj", "{8E1DC0EC-C906-4CF3-8430-55B33EDA11BB}"
EndProject
Global
	GlobalSection(SolutionConfigurationPlatforms) = preSolution
		Debug|Any CPU = Debug|Any CPU
		Release|Any CPU = Release|Any CPU
	EndGlobalSection
	GlobalSection(ProjectConfigurationPlatforms) = postSolution
		{45074D9F-CFDD-47DA-ADD4-BC66B92FB822}.Debug|Any CPU.ActiveCfg = Debug|Any CPU
		{45074D9F-CFDD-47DA-ADD4-BC66B92FB822}.Debug|Any CPU.Build.0 = Debug|Any CPU
		{45074D9F-CFDD-47DA-ADD4-BC66B92FB822}.Release|Any CPU.ActiveCfg = Release|Any CPU
		{45074D9F-CFDD-47DA-ADD4-BC66B92FB822}.Release|Any CPU.Build.0 = Release|Any CPU
		{934F0E15-46A8-4819-AC04-237DB135FC94}.Debug|Any CPU.ActiveCfg = Debug|Any CPU
		{934F0E15-46A8-4819-AC04-237DB135FC94}.Debug|Any CPU.Build.0 = Debug|Any CPU
		{934F0E15-46A8-4819-AC04-237DB135FC94}.Release|Any CPU.ActiveCfg = Release|Any CPU
		{934F0E15-46A8-4819-AC04-237DB135FC94}.Release|Any CPU.Build.0 = Release|Any CPU
		{15C0A537-BCEC-4A43-8451-48575E41B53D}.Debug|Any CPU.ActiveCfg = Debug|Any CPU
		{15C0A537-BCEC-4A43-8451-48575E41B53D}.Debug|Any CPU.Build.0 = Debug|Any CPU
		{15C0A537-BCEC-4A43-8451-48575E41B53D}.Release|Any CPU.ActiveCfg = Release|Any CPU
		{15C0A537-BCEC-4A43-8451-48575E41B53D}.Release|Any CPU.Build.0 = Release|Any CPU
		{8E1DC0EC-C906-4CF3-8430-55B33EDA11BB}.Debug|Any CPU.ActiveCfg = Debug|Any CPU
		{8E1DC0EC-C906-4CF3-8430-55B33EDA11BB}.Debug|Any CPU.Build.0 = Debug|Any CPU
		{8E1DC0EC-C906-4CF3-8430-55B33EDA11BB}.Release|Any CPU.ActiveCfg = Release|Any CPU
		{8E1DC0EC-C906-4CF3-8430-55B33EDA11BB}.Release|Any CPU.Build.0 = Release|Any CPU
	EndGlobalSection
	GlobalSection(SolutionProperties) = preSolution
		HideSolutionNode = FALSE
	EndGlobalSection
EndGlobal
